
Microsoft Visual Studio Solution File, Format Version 12.00
# Visual Studio Version 16
VisualStudioVersion = 16.0.28803.202
MinimumVisualStudioVersion = 10.0.40219.1
Project("{FAE04EC0-301F-11D3-BF4B-00C04F79EFBC}") = "Angular-MVC-Crud-Example", "Angular-MVC-Crud-Example\Angular-MVC-Crud-Example.csproj", "{B928E22D-B82E-4B22-B7E3-B9DEE574AC3A}"
EndProject
Global
	GlobalSection(SolutionConfigurationPlatforms) = preSolution
		Debug|Any CPU = Debug|Any CPU
		Release|Any CPU = Release|Any CPU
	EndGlobalSection
	GlobalSection(ProjectConfigurationPlatforms) = postSolution
		{B928E22D-B82E-4B22-B7E3-B9DEE574AC3A}.Debug|Any CPU.ActiveCfg = Debug|Any CPU
		{B928E22D-B82E-4B22-B7E3-B9DEE574AC3A}.Debug|Any CPU.Build.0 = Debug|Any CPU
		{B928E22D-B82E-4B22-B7E3-B9DEE574AC3A}.Release|Any CPU.ActiveCfg = Release|Any CPU
		{B928E22D-B82E-4B22-B7E3-B9DEE574AC3A}.Release|Any CPU.Build.0 = Release|Any CPU
	EndGlobalSection
	GlobalSection(SolutionProperties) = preSolution
		HideSolutionNode = FALSE
	EndGlobalSection
	GlobalSection(ExtensibilityGlobals) = postSolution
		SolutionGuid = {DFC1FF76-B800-4842-A809-B3CC24281727}
	EndGlobalSection
EndGlobal
